
Microsoft Visual Studio Solution File, Format Version 12.00
# Visual Studio Version 17
VisualStudioVersion = 17.14.36202.13 d17.14
MinimumVisualStudioVersion = 10.0.40219.1
Project("{FAE04EC0-301F-11D3-BF4B-00C04F79EFBC}") = "Main", "Main\Main.csproj", "{EEF5813C-9319-4BAA-95DD-FD009D67E93B}"
EndProject
Project("{FAE04EC0-301F-11D3-BF4B-00C04F79EFBC}") = "Common", "Common\Common.csproj", "{0401176A-B648-4DF5-8EB8-68490701B07C}"
EndProject
Global
	GlobalSection(SolutionConfigurationPlatforms) = preSolution
		Debug|Any CPU = Debug|Any CPU
		Release|Any CPU = Release|Any CPU
	EndGlobalSection
	GlobalSection(ProjectConfigurationPlatforms) = postSolution
		{EEF5813C-9319-4BAA-95DD-FD009D67E93B}.Debug|Any CPU.ActiveCfg = Debug|Any CPU
		{EEF5813C-9319-4BAA-95DD-FD009D67E93B}.Debug|Any CPU.Build.0 = Debug|Any CPU
		{EEF5813C-9319-4BAA-95DD-FD009D67E93B}.Release|Any CPU.ActiveCfg = Release|Any CPU
		{EEF5813C-9319-4BAA-95DD-FD009D67E93B}.Release|Any CPU.Build.0 = Release|Any CPU
		{0401176A-B648-4DF5-8EB8-68490701B07C}.Debug|Any CPU.ActiveCfg = Debug|Any CPU
		{0401176A-B648-4DF5-8EB8-68490701B07C}.Debug|Any CPU.Build.0 = Debug|Any CPU
		{0401176A-B648-4DF5-8EB8-68490701B07C}.Release|Any CPU.ActiveCfg = Release|Any CPU
		{0401176A-B648-4DF5-8EB8-68490701B07C}.Release|Any CPU.Build.0 = Release|Any CPU
	EndGlobalSection
	GlobalSection(SolutionProperties) = preSolution
		HideSolutionNode = FALSE
	EndGlobalSection
	GlobalSection(ExtensibilityGlobals) = postSolution
		SolutionGuid = {3FC4CD51-ACC5-40D9-96AE-12F016C69E84}
	EndGlobalSection
EndGlobal
